
Microsoft Visual Studio Solution File, Format Version 12.00
Project("{2150E333-8FDC-42A3-9474-1A3956D46DE8}") = "src", "src", "{847890DF-9031-4840-B760-FC9944B126B8}"
EndProject
Project("{2150E333-8FDC-42A3-9474-1A3956D46DE8}") = "tests", "tests", "{124C88F6-CDF3-4E89-A32B-4C5C25CE3DF8}"
EndProject
Project("{FAE04EC0-301F-11D3-BF4B-00C04F79EFBC}") = "NetDaemon", "src\NetDaemon.csproj", "{78A84716-1C27-4C8D-81B2-68F77977A6D4}"
EndProject
Project("{2150E333-8FDC-42A3-9474-1A3956D46DE8}") = "Solution Items", "Solution Items", "{12AC1B83-156B-46D5-AD6A-3DD6C44D036B}"
	ProjectSection(SolutionItems) = preProject
		.gitignore = .gitignore
		Dockerfile = Dockerfile
		README.md = README.md
	EndProjectSection
EndProject
Project("{2150E333-8FDC-42A3-9474-1A3956D46DE8}") = "scripts", "scripts", "{2CE5E6FC-A748-4A7C-8483-7AB0CDDB59C1}"
	ProjectSection(SolutionItems) = preProject
		scripts\update_all_dependencies.ps1 = scripts\update_all_dependencies.ps1
		scripts\generate_entities.ps1 = scripts\generate_entities.ps1
	EndProjectSection
EndProject
Project("{FAE04EC0-301F-11D3-BF4B-00C04F79EFBC}") = "NetDaemon.Tests", "tests\NetDaemon.Tests.csproj", "{7508BA9B-A650-4014-883A-BF4ED9E66665}"
EndProject
Global
	GlobalSection(SolutionConfigurationPlatforms) = preSolution
		Debug|Any CPU = Debug|Any CPU
		Release|Any CPU = Release|Any CPU
	EndGlobalSection
	GlobalSection(NestedProjects) = preSolution
		{78A84716-1C27-4C8D-81B2-68F77977A6D4} = {847890DF-9031-4840-B760-FC9944B126B8}
		{7508BA9B-A650-4014-883A-BF4ED9E66665} = {124C88F6-CDF3-4E89-A32B-4C5C25CE3DF8}
	EndGlobalSection
	GlobalSection(ProjectConfigurationPlatforms) = postSolution
		{78A84716-1C27-4C8D-81B2-68F77977A6D4}.Debug|Any CPU.ActiveCfg = Debug|Any CPU
		{78A84716-1C27-4C8D-81B2-68F77977A6D4}.Debug|Any CPU.Build.0 = Debug|Any CPU
		{78A84716-1C27-4C8D-81B2-68F77977A6D4}.Release|Any CPU.ActiveCfg = Release|Any CPU
		{78A84716-1C27-4C8D-81B2-68F77977A6D4}.Release|Any CPU.Build.0 = Release|Any CPU
		{7508BA9B-A650-4014-883A-BF4ED9E66665}.Debug|Any CPU.ActiveCfg = Debug|Any CPU
		{7508BA9B-A650-4014-883A-BF4ED9E66665}.Debug|Any CPU.Build.0 = Debug|Any CPU
		{7508BA9B-A650-4014-883A-BF4ED9E66665}.Release|Any CPU.ActiveCfg = Release|Any CPU
		{7508BA9B-A650-4014-883A-BF4ED9E66665}.Release|Any CPU.Build.0 = Release|Any CPU
	EndGlobalSection
EndGlobal
